{
  "meteor": {},
  "dependencies": {
    "basePackages": {
      "zurb-foundation": {}
    },
    "packages": {
      "zurb-foundation": {
        "git": "https://github.com/MixinLabs/meteor-foundation.git",
        "tag": "v0.1.7",
        "commit": "f2f179f4017ec38128273cf08c76f2198f417d81"
      }
    }
  }
}
